// !$*UTF8*$!
{
	archiveVersion = 1;
	classes = {
	};
	objectVersion = 46;
	objects = {

/* Begin PBXBuildFile section */
		31FE601515FF4456000BB153 /* UIKit.framework in Frameworks */ = {isa = PBXBuildFile; fileRef = 31FE601415FF4456000BB153 /* UIKit.framework */; };
		31FE601715FF4456000BB153 /* Foundation.framework in Frameworks */ = {isa = PBXBuildFile; fileRef = 31FE601615FF4456000BB153 /* Foundation.framework */; };
		31FE601915FF4456000BB153 /* CoreGraphics.framework in Frameworks */ = {isa = PBXBuildFile; fileRef = 31FE601815FF4456000BB153 /* CoreGraphics.framework */; };
		31FE601F15FF4456000BB153 /* InfoPlist.strings in Resources */ = {isa = PBXBuildFile; fileRef = 31FE601D15FF4456000BB153 /* InfoPlist.strings */; };
		31FE602115FF4456000BB153 /* main.m in Sources */ = {isa = PBXBuildFile; fileRef = 31FE602015FF4456000BB153 /* main.m */; };
		31FE602515FF4456000BB153 /* AppDelegate.m in Sources */ = {isa = PBXBuildFile; fileRef = 31FE602415FF4456000BB153 /* AppDelegate.m */; };
		31FE602815FF4456000BB153 /* ViewController.m in Sources */ = {isa = PBXBuildFile; fileRef = 31FE602715FF4456000BB153 /* ViewController.m */; };
		31FE602B15FF4456000BB153 /* ViewController_iPhone.xib in Resources */ = {isa = PBXBuildFile; fileRef = 31FE602915FF4456000BB153 /* ViewController_iPhone.xib */; };
		31FE602E15FF4456000BB153 /* ViewController_iPad.xib in Resources */ = {isa = PBXBuildFile; fileRef = 31FE602C15FF4456000BB153 /* ViewController_iPad.xib */; };
/* End PBXBuildFile section */

/* Begin PBXFileReference section */
		31FE601015FF4456000BB153 /* LamStoreLocator.app */ = {isa = PBXFileReference; explicitFileType = wrapper.application; includeInIndex = 0; path = LamStoreLocator.app; sourceTree = BUILT_PRODUCTS_DIR; };
		31FE601415FF4456000BB153 /* UIKit.framework */ = {isa = PBXFileReference; lastKnownFileType = wrapper.framework; name = UIKit.framework; path = System/Library/Frameworks/UIKit.framework; sourceTree = SDKROOT; };
		31FE601615FF4456000BB153 /* Foundation.framework */ = {isa = PBXFileReference; lastKnownFileType = wrapper.framework; name = Foundation.framework; path = System/Library/Frameworks/Foundation.framework; sourceTree = SDKROOT; };
		31FE601815FF4456000BB153 /* CoreGraphics.framework */ = {isa = PBXFileReference; lastKnownFileType = wrapper.framework; name = CoreGraphics.framework; path = System/Library/Frameworks/CoreGraphics.framework; sourceTree = SDKROOT; };
		31FE601C15FF4456000BB153 /* LamStoreLocator-Info.plist */ = {isa = PBXFileReference; lastKnownFileType = text.plist.xml; path = "LamStoreLocator-Info.plist"; sourceTree = "<group>"; };
		31FE601E15FF4456000BB153 /* en */ = {isa = PBXFileReference; lastKnownFileType = text.plist.strings; name = en; path = en.lproj/InfoPlist.strings; sourceTree = "<group>"; };
		31FE602015FF4456000BB153 /* main.m */ = {isa = PBXFileReference; lastKnownFileType = sourcecode.c.objc; path = main.m; sourceTree = "<group>"; };
		31FE602215FF4456000BB153 /* LamStoreLocator-Prefix.pch */ = {isa = PBXFileReference; lastKnownFileType = sourcecode.c.h; path = "LamStoreLocator-Prefix.pch"; sourceTree = "<group>"; };
		31FE602315FF4456000BB153 /* AppDelegate.h */ = {isa = PBXFileReference; lastKnownFileType = sourcecode.c.h; path = AppDelegate.h; sourceTree = "<group>"; };
		31FE602415FF4456000BB153 /* AppDelegate.m */ = {isa = PBXFileReference; lastKnownFileType = sourcecode.c.objc; path = AppDelegate.m; sourceTree = "<group>"; };
		31FE602615FF4456000BB153 /* ViewController.h */ = {isa = PBXFileReference; lastKnownFileType = sourcecode.c.h; path = ViewController.h; sourceTree = "<group>"; };
		31FE602715FF4456000BB153 /* ViewController.m */ = {isa = PBXFileReference; lastKnownFileType = sourcecode.c.objc; path = ViewController.m; sourceTree = "<group>"; };
		31FE602A15FF4456000BB153 /* en */ = {isa = PBXFileReference; lastKnownFileType = file.xib; name = en; path = en.lproj/ViewController_iPhone.xib; sourceTree = "<group>"; };
		31FE602D15FF4456000BB153 /* en */ = {isa = PBXFileReference; lastKnownFileType = file.xib; name = en; path = en.lproj/ViewController_iPad.xib; sourceTree = "<group>"; };
/* End PBXFileReference section */

/* Begin PBXFrameworksBuildPhase section */
		31FE600D15FF4456000BB153 /* Frameworks */ = {
			isa = PBXFrameworksBuildPhase;
			buildActionMask = 2147483647;
			files = (
				31FE601515FF4456000BB153 /* UIKit.framework in Frameworks */,
				31FE601715FF4456000BB153 /* Foundation.framework in Frameworks */,
				31FE601915FF4456000BB153 /* CoreGraphics.framework in Frameworks */,
			);
			runOnlyForDeploymentPostprocessing = 0;
		};
/* End PBXFrameworksBuildPhase section */

/* Begin PBXGroup section */
		31FE600515FF4455000BB153 = {
			isa = PBXGroup;
			children = (
				31FE601A15FF4456000BB153 /* LamStoreLocator */,
				31FE601315FF4456000BB153 /* Frameworks */,
				31FE601115FF4456000BB153 /* Products */,
			);
			sourceTree = "<group>";
		};
		31FE601115FF4456000BB153 /* Products */ = {
			isa = PBXGroup;
			children = (
				31FE601015FF4456000BB153 /* LamStoreLocator.app */,
			);
			name = Products;
			sourceTree = "<group>";
		};
		31FE601315FF4456000BB153 /* Frameworks */ = {
			isa = PBXGroup;
			children = (
				31FE601415FF4456000BB153 /* UIKit.framework */,
				31FE601615FF4456000BB153 /* Foundation.framework */,
				31FE601815FF4456000BB153 /* CoreGraphics.framework */,
			);
			name = Frameworks;
			sourceTree = "<group>";
		};
		31FE601A15FF4456000BB153 /* LamStoreLocator */ = {
			isa = PBXGroup;
			children = (
				31FE602315FF4456000BB153 /* AppDelegate.h */,
				31FE602415FF4456000BB153 /* AppDelegate.m */,
				31FE602615FF4456000BB153 /* ViewController.h */,
				31FE602715FF4456000BB153 /* ViewController.m */,
				31FE602915FF4456000BB153 /* ViewController_iPhone.xib */,
				31FE602C15FF4456000BB153 /* ViewController_iPad.xib */,
				31FE601B15FF4456000BB153 /* Supporting Files */,
			);
			path = LamStoreLocator;
			sourceTree = "<group>";
		};
		31FE601B15FF4456000BB153 /* Supporting Files */ = {
			isa = PBXGroup;
			children = (
				31FE601C15FF4456000BB153 /* LamStoreLocator-Info.plist */,
				31FE601D15FF4456000BB153 /* InfoPlist.strings */,
				31FE602015FF4456000BB153 /* main.m */,
				31FE602215FF4456000BB153 /* LamStoreLocator-Prefix.pch */,
			);
			name = "Supporting Files";
			sourceTree = "<group>";
		};
/* End PBXGroup section */

/* Begin PBXNativeTarget section */
		31FE600F15FF4456000BB153 /* LamStoreLocator */ = {
			isa = PBXNativeTarget;
			buildConfigurationList = 31FE603115FF4456000BB153 /* Build configuration list for PBXNativeTarget "LamStoreLocator" */;
			buildPhases = (
				31FE600C15FF4456000BB153 /* Sources */,
				31FE600D15FF4456000BB153 /* Frameworks */,
				31FE600E15FF4456000BB153 /* Resources */,
			);
			buildRules = (
			);
			dependencies = (
			);
			name = LamStoreLocator;
			productName = LamStoreLocator;
			productReference = 31FE601015FF4456000BB153 /* LamStoreLocator.app */;
			productType = "com.apple.product-type.application";
		};
/* End PBXNativeTarget section */

/* Begin PBXProject section */
		31FE600715FF4455000BB153 /* Project object */ = {
			isa = PBXProject;
			attributes = {
				LastUpgradeCheck = 0440;
				ORGANIZATIONNAME = "L'atelier du mobile";
			};
			buildConfigurationList = 31FE600A15FF4455000BB153 /* Build configuration list for PBXProject "LamStoreLocator" */;
			compatibilityVersion = "Xcode 3.2";
			developmentRegion = English;
			hasScannedForEncodings = 0;
			knownRegions = (
				en,
			);
			mainGroup = 31FE600515FF4455000BB153;
			productRefGroup = 31FE601115FF4456000BB153 /* Products */;
			projectDirPath = "";
			projectRoot = "";
			targets = (
				31FE600F15FF4456000BB153 /* LamStoreLocator */,
			);
		};
/* End PBXProject section */

/* Begin PBXResourcesBuildPhase section */
		31FE600E15FF4456000BB153 /* Resources */ = {
			isa = PBXResourcesBuildPhase;
			buildActionMask = 2147483647;
			files = (
				31FE601F15FF4456000BB153 /* InfoPlist.strings in Resources */,
				31FE602B15FF4456000BB153 /* ViewController_iPhone.xib in Resources */,
				31FE602E15FF4456000BB153 /* ViewController_iPad.xib in Resources */,
			);
			runOnlyForDeploymentPostprocessing = 0;
		};
/* End PBXResourcesBuildPhase section */

/* Begin PBXSourcesBuildPhase section */
		31FE600C15FF4456000BB153 /* Sources */ = {
			isa = PBXSourcesBuildPhase;
			buildActionMask = 2147483647;
			files = (
				31FE602115FF4456000BB153 /* main.m in Sources */,
				31FE602515FF4456000BB153 /* AppDelegate.m in Sources */,
				31FE602815FF4456000BB153 /* ViewController.m in Sources */,
			);
			runOnlyForDeploymentPostprocessing = 0;
		};
/* End PBXSourcesBuildPhase section */

/* Begin PBXVariantGroup section */
		31FE601D15FF4456000BB153 /* InfoPlist.strings */ = {
			isa = PBXVariantGroup;
			children = (
				31FE601E15FF4456000BB153 /* en */,
			);
			name = InfoPlist.strings;
			sourceTree = "<group>";
		};
		31FE602915FF4456000BB153 /* ViewController_iPhone.xib */ = {
			isa = PBXVariantGroup;
			children = (
				31FE602A15FF4456000BB153 /* en */,
			);
			name = ViewController_iPhone.xib;
			sourceTree = "<group>";
		};
		31FE602C15FF4456000BB153 /* ViewController_iPad.xib */ = {
			isa = PBXVariantGroup;
			children = (
				31FE602D15FF4456000BB153 /* en */,
			);
			name = ViewController_iPad.xib;
			sourceTree = "<group>";
		};
/* End PBXVariantGroup section */

/* Begin XCBuildConfiguration section */
		31FE602F15FF4456000BB153 /* Debug */ = {
			isa = XCBuildConfiguration;
			buildSettings = {
				ALWAYS_SEARCH_USER_PATHS = NO;
				ARCHS = "$(ARCHS_STANDARD_32_BIT)";
				CLANG_CXX_LANGUAGE_STANDARD = "gnu++0x";
				CLANG_ENABLE_OBJC_ARC = YES;
				CLANG_WARN__DUPLICATE_METHOD_MATCH = YES;
				"CODE_SIGN_IDENTITY[sdk=iphoneos*]" = "iPhone Developer";
				COPY_PHASE_STRIP = NO;
				GCC_C_LANGUAGE_STANDARD = gnu99;
				GCC_DYNAMIC_NO_PIC = NO;
				GCC_OPTIMIZATION_LEVEL = 0;
				GCC_PREPROCESSOR_DEFINITIONS = (
					"DEBUG=1",
					"$(inherited)",
				);
				GCC_SYMBOLS_PRIVATE_EXTERN = NO;
				GCC_VERSION = com.apple.compilers.llvm.clang.1_0;
				GCC_WARN_ABOUT_RETURN_TYPE = YES;
				GCC_WARN_UNINITIALIZED_AUTOS = YES;
				GCC_WARN_UNUSED_VARIABLE = YES;
				IPHONEOS_DEPLOYMENT_TARGET = 5.1;
				SDKROOT = iphoneos;
				TARGETED_DEVICE_FAMILY = "1,2";
			};
			name = Debug;
		};
		31FE603015FF4456000BB153 /* Release */ = {
			isa = XCBuildConfiguration;
			buildSettings = {
				ALWAYS_SEARCH_USER_PATHS = NO;
				ARCHS = "$(ARCHS_STANDARD_32_BIT)";
				CLANG_CXX_LANGUAGE_STANDARD = "gnu++0x";
				CLANG_ENABLE_OBJC_ARC = YES;
				CLANG_WARN__DUPLICATE_METHOD_MATCH = YES;
				"CODE_SIGN_IDENTITY[sdk=iphoneos*]" = "iPhone Developer";
				COPY_PHASE_STRIP = YES;
				GCC_C_LANGUAGE_STANDARD = gnu99;
				GCC_VERSION = com.apple.compilers.llvm.clang.1_0;
				GCC_WARN_ABOUT_RETURN_TYPE = YES;
				GCC_WARN_UNINITIALIZED_AUTOS = YES;
				GCC_WARN_UNUSED_VARIABLE = YES;
				IPHONEOS_DEPLOYMENT_TARGET = 5.1;
				OTHER_CFLAGS = "-DNS_BLOCK_ASSERTIONS=1";
				SDKROOT = iphoneos;
				TARGETED_DEVICE_FAMILY = "1,2";
				VALIDATE_PRODUCT = YES;
			};
			name = Release;
		};
		31FE603215FF4456000BB153 /* Debug */ = {
			isa = XCBuildConfiguration;
			buildSettings = {
				GCC_PRECOMPILE_PREFIX_HEADER = YES;
				GCC_PREFIX_HEADER = "LamStoreLocator/LamStoreLocator-Prefix.pch";
				INFOPLIST_FILE = "LamStoreLocator/LamStoreLocator-Info.plist";
				PRODUCT_NAME = "$(TARGET_NAME)";
				WRAPPER_EXTENSION = app;
			};
			name = Debug;
		};
		31FE603315FF4456000BB153 /* Release */ = {
			isa = XCBuildConfiguration;
			buildSettings = {
				GCC_PRECOMPILE_PREFIX_HEADER = YES;
				GCC_PREFIX_HEADER = "LamStoreLocator/LamStoreLocator-Prefix.pch";
				INFOPLIST_FILE = "LamStoreLocator/LamStoreLocator-Info.plist";
				PRODUCT_NAME = "$(TARGET_NAME)";
				WRAPPER_EXTENSION = app;
			};
			name = Release;
		};
/* End XCBuildConfiguration section */

/* Begin XCConfigurationList section */
		31FE600A15FF4455000BB153 /* Build configuration list for PBXProject "LamStoreLocator" */ = {
			isa = XCConfigurationList;
			buildConfigurations = (
				31FE602F15FF4456000BB153 /* Debug */,
				31FE603015FF4456000BB153 /* Release */,
			);
			defaultConfigurationIsVisible = 0;
			defaultConfigurationName = Release;
		};
		31FE603115FF4456000BB153 /* Build configuration list for PBXNativeTarget "LamStoreLocator" */ = {
			isa = XCConfigurationList;
			buildConfigurations = (
				31FE603215FF4456000BB153 /* Debug */,
				31FE603315FF4456000BB153 /* Release */,
			);
			defaultConfigurationIsVisible = 0;
		};
/* End XCConfigurationList section */
	};
	rootObject = 31FE600715FF4455000BB153 /* Project object */;
}
