// !$*UTF8*$!
{
	archiveVersion = 1;
	classes = {
	};
	objectVersion = 46;
	objects = {

/* Begin PBXBuildFile section */
		31157202160CA8BC0076BD58 /* CitiesViewController.m in Sources */ = {isa = PBXBuildFile; fileRef = 31157201160CA8BC0076BD58 /* CitiesViewController.m */; };
		3155BB401655351300C6AA8D /* libSDWebImage.a in Frameworks */ = {isa = PBXBuildFile; fileRef = 3155BB371655349900C6AA8D /* libSDWebImage.a */; };
		315E2081160CB46A001EF79B /* CitiesViewController_iPhone.xib in Resources */ = {isa = PBXBuildFile; fileRef = 315E2080160CB469001EF79B /* CitiesViewController_iPhone.xib */; };
		315E2083160CBFAC001EF79B /* CitiesViewController_iPad.xib in Resources */ = {isa = PBXBuildFile; fileRef = 315E2082160CBFAC001EF79B /* CitiesViewController_iPad.xib */; };
		3176A2DC160B459B0085703B /* Default-568h@2x.png in Resources */ = {isa = PBXBuildFile; fileRef = 3176A2DB160B459B0085703B /* Default-568h@2x.png */; };
		318EFDDF1602307B009AA82A /* StoreViewController.m in Sources */ = {isa = PBXBuildFile; fileRef = 318EFDDD1602307B009AA82A /* StoreViewController.m */; };
		318EFDE01602307B009AA82A /* StoreViewController_iPhone.xib in Resources */ = {isa = PBXBuildFile; fileRef = 318EFDDE1602307B009AA82A /* StoreViewController_iPhone.xib */; };
		318EFDE9160379F4009AA82A /* StoreViewController_iPad.xib in Resources */ = {isa = PBXBuildFile; fileRef = 318EFDE8160379F3009AA82A /* StoreViewController_iPad.xib */; };
		31B4F7461608B67100CA98CD /* MapKit.framework in Frameworks */ = {isa = PBXBuildFile; fileRef = 31B4F7451608B67100CA98CD /* MapKit.framework */; };
		31B4F7481608BB1200CA98CD /* ImageIO.framework in Frameworks */ = {isa = PBXBuildFile; fileRef = 31B4F7471608BB1200CA98CD /* ImageIO.framework */; };
		31D4EB8B1609D07B0010E27E /* placeholderCell.png in Resources */ = {isa = PBXBuildFile; fileRef = 31D4EB871609D07B0010E27E /* placeholderCell.png */; };
		31D4EB8C1609D07B0010E27E /* placeholderCell@2x.png in Resources */ = {isa = PBXBuildFile; fileRef = 31D4EB881609D07B0010E27E /* placeholderCell@2x.png */; };
		31D4EB8D1609D07B0010E27E /* placeholderCell@2x~ipad.png in Resources */ = {isa = PBXBuildFile; fileRef = 31D4EB891609D07B0010E27E /* placeholderCell@2x~ipad.png */; };
		31D4EB8E1609D07B0010E27E /* placeholderCell~ipad.png in Resources */ = {isa = PBXBuildFile; fileRef = 31D4EB8A1609D07B0010E27E /* placeholderCell~ipad.png */; };
		31D4EB931609D1350010E27E /* placeholder.png in Resources */ = {isa = PBXBuildFile; fileRef = 31D4EB8F1609D1350010E27E /* placeholder.png */; };
		31D4EB941609D1350010E27E /* placeholder@2x.png in Resources */ = {isa = PBXBuildFile; fileRef = 31D4EB901609D1350010E27E /* placeholder@2x.png */; };
		31D4EB951609D1350010E27E /* placeholder@2x~ipad.png in Resources */ = {isa = PBXBuildFile; fileRef = 31D4EB911609D1350010E27E /* placeholder@2x~ipad.png */; };
		31D4EB961609D1350010E27E /* placeholder~ipad.png in Resources */ = {isa = PBXBuildFile; fileRef = 31D4EB921609D1350010E27E /* placeholder~ipad.png */; };
		31D4EB981609FA4B0010E27E /* StoresByCityViewController.m in Sources */ = {isa = PBXBuildFile; fileRef = 31D4EB971609FA4B0010E27E /* StoresByCityViewController.m */; };
		31F01C2E160A07850072B1A1 /* StoresByCityTableViewCell_iPhone.xib in Resources */ = {isa = PBXBuildFile; fileRef = 31F01C2C160A07850072B1A1 /* StoresByCityTableViewCell_iPhone.xib */; };
		31F01C32160A0A970072B1A1 /* StoresNearbyViewController.m in Sources */ = {isa = PBXBuildFile; fileRef = 31F01C30160A0A970072B1A1 /* StoresNearbyViewController.m */; };
		31F01C33160A0A970072B1A1 /* StoresNearbyViewController_iPhone.xib in Resources */ = {isa = PBXBuildFile; fileRef = 31F01C31160A0A970072B1A1 /* StoresNearbyViewController_iPhone.xib */; };
		31F01C35160A0D4B0072B1A1 /* CoreLocation.framework in Frameworks */ = {isa = PBXBuildFile; fileRef = 31F01C34160A0D4B0072B1A1 /* CoreLocation.framework */; };
		31F01C37160A0D990072B1A1 /* StoresNearbyViewController_iPad.xib in Resources */ = {isa = PBXBuildFile; fileRef = 31F01C36160A0D990072B1A1 /* StoresNearbyViewController_iPad.xib */; };
		31F01C3A160A1AE40072B1A1 /* StoreAnnotation.m in Sources */ = {isa = PBXBuildFile; fileRef = 31F01C39160A1AE40072B1A1 /* StoreAnnotation.m */; };
		31F01C3F160A28110072B1A1 /* bottle.png in Resources */ = {isa = PBXBuildFile; fileRef = 31F01C3E160A28110072B1A1 /* bottle.png */; };
		31F01C44160A3A5A0072B1A1 /* StorePinAnnotationView.m in Sources */ = {isa = PBXBuildFile; fileRef = 31F01C43160A3A5A0072B1A1 /* StorePinAnnotationView.m */; };
		31FE601515FF4456000BB153 /* UIKit.framework in Frameworks */ = {isa = PBXBuildFile; fileRef = 31FE601415FF4456000BB153 /* UIKit.framework */; };
		31FE601715FF4456000BB153 /* Foundation.framework in Frameworks */ = {isa = PBXBuildFile; fileRef = 31FE601615FF4456000BB153 /* Foundation.framework */; };
		31FE601915FF4456000BB153 /* CoreGraphics.framework in Frameworks */ = {isa = PBXBuildFile; fileRef = 31FE601815FF4456000BB153 /* CoreGraphics.framework */; };
		31FE601F15FF4456000BB153 /* InfoPlist.strings in Resources */ = {isa = PBXBuildFile; fileRef = 31FE601D15FF4456000BB153 /* InfoPlist.strings */; };
		31FE602115FF4456000BB153 /* main.m in Sources */ = {isa = PBXBuildFile; fileRef = 31FE602015FF4456000BB153 /* main.m */; };
		31FE602515FF4456000BB153 /* AppDelegate.m in Sources */ = {isa = PBXBuildFile; fileRef = 31FE602415FF4456000BB153 /* AppDelegate.m */; };
		31FE602815FF4456000BB153 /* CountriesViewController.m in Sources */ = {isa = PBXBuildFile; fileRef = 31FE602715FF4456000BB153 /* CountriesViewController.m */; };
		31FE602E15FF4456000BB153 /* CountriesViewController_iPad.xib in Resources */ = {isa = PBXBuildFile; fileRef = 31FE602C15FF4456000BB153 /* CountriesViewController_iPad.xib */; };
		31FE603A15FF725E000BB153 /* Parse.framework in Frameworks */ = {isa = PBXBuildFile; fileRef = 31FE603915FF725E000BB153 /* Parse.framework */; };
		31FE603C15FF7314000BB153 /* AudioToolbox.framework in Frameworks */ = {isa = PBXBuildFile; fileRef = 31FE603B15FF7314000BB153 /* AudioToolbox.framework */; };
		31FE603E15FF731A000BB153 /* CFNetwork.framework in Frameworks */ = {isa = PBXBuildFile; fileRef = 31FE603D15FF731A000BB153 /* CFNetwork.framework */; };
		31FE604015FF732B000BB153 /* libsqlite3.dylib in Frameworks */ = {isa = PBXBuildFile; fileRef = 31FE603F15FF732B000BB153 /* libsqlite3.dylib */; };
		31FE604215FF7333000BB153 /* libz.1.1.3.dylib in Frameworks */ = {isa = PBXBuildFile; fileRef = 31FE604115FF7333000BB153 /* libz.1.1.3.dylib */; };
		31FE604415FF733A000BB153 /* MobileCoreServices.framework in Frameworks */ = {isa = PBXBuildFile; fileRef = 31FE604315FF733A000BB153 /* MobileCoreServices.framework */; };
		31FE604615FF7340000BB153 /* QuartzCore.framework in Frameworks */ = {isa = PBXBuildFile; fileRef = 31FE604515FF7340000BB153 /* QuartzCore.framework */; };
		31FE604815FF7348000BB153 /* Security.framework in Frameworks */ = {isa = PBXBuildFile; fileRef = 31FE604715FF7348000BB153 /* Security.framework */; };
		31FE604A15FF734E000BB153 /* StoreKit.framework in Frameworks */ = {isa = PBXBuildFile; fileRef = 31FE604915FF734E000BB153 /* StoreKit.framework */; };
		31FE604C15FF7355000BB153 /* SystemConfiguration.framework in Frameworks */ = {isa = PBXBuildFile; fileRef = 31FE604B15FF7355000BB153 /* SystemConfiguration.framework */; };
		31FE605816009263000BB153 /* CountriesViewController_iPhone.xib in Resources */ = {isa = PBXBuildFile; fileRef = 31FE605616009263000BB153 /* CountriesViewController_iPhone.xib */; };
		31FE605B16009321000BB153 /* StoresByCityTableViewCell.m in Sources */ = {isa = PBXBuildFile; fileRef = 31FE605A16009321000BB153 /* StoresByCityTableViewCell.m */; };
		31FE60651600D08A000BB153 /* StoresByCityViewController_iPhone.xib in Resources */ = {isa = PBXBuildFile; fileRef = 31FE60631600D08A000BB153 /* StoresByCityViewController_iPhone.xib */; };
		31FE60681600D12A000BB153 /* StoresByCityTableViewCell_iPad.xib in Resources */ = {isa = PBXBuildFile; fileRef = 31FE60661600D12A000BB153 /* StoresByCityTableViewCell_iPad.xib */; };
		31FE606B1600D212000BB153 /* StoresByCityViewController_iPad.xib in Resources */ = {isa = PBXBuildFile; fileRef = 31FE60691600D212000BB153 /* StoresByCityViewController_iPad.xib */; };
/* End PBXBuildFile section */

/* Begin PBXContainerItemProxy section */
		3155BB361655349900C6AA8D /* PBXContainerItemProxy */ = {
			isa = PBXContainerItemProxy;
			containerPortal = 31B4F7321608B62F00CA98CD /* SDWebImage.xcodeproj */;
			proxyType = 2;
			remoteGlobalIDString = 53922D6F148C55820056699D;
			remoteInfo = SDWebImage;
		};
		3155BB381655349900C6AA8D /* PBXContainerItemProxy */ = {
			isa = PBXContainerItemProxy;
			containerPortal = 31B4F7321608B62F00CA98CD /* SDWebImage.xcodeproj */;
			proxyType = 2;
			remoteGlobalIDString = 53761325155AD0D5005750A4;
			remoteInfo = "SDWebImage ARC";
		};
		3155BB3A1655349900C6AA8D /* PBXContainerItemProxy */ = {
			isa = PBXContainerItemProxy;
			containerPortal = 31B4F7321608B62F00CA98CD /* SDWebImage.xcodeproj */;
			proxyType = 2;
			remoteGlobalIDString = 531041E0157EAFA400BBABC3;
			remoteInfo = "SDWebImage ARC+MKAnnotation";
		};
		3155BB3E165534FC00C6AA8D /* PBXContainerItemProxy */ = {
			isa = PBXContainerItemProxy;
			containerPortal = 31B4F7321608B62F00CA98CD /* SDWebImage.xcodeproj */;
			proxyType = 1;
			remoteGlobalIDString = 53922D6E148C55810056699D;
			remoteInfo = SDWebImage;
		};
/* End PBXContainerItemProxy section */

/* Begin PBXFileReference section */
		31157200160CA8BC0076BD58 /* CitiesViewController.h */ = {isa = PBXFileReference; fileEncoding = 4; lastKnownFileType = sourcecode.c.h; path = CitiesViewController.h; sourceTree = "<group>"; };
		31157201160CA8BC0076BD58 /* CitiesViewController.m */ = {isa = PBXFileReference; fileEncoding = 4; lastKnownFileType = sourcecode.c.objc; path = CitiesViewController.m; sourceTree = "<group>"; };
		315E2080160CB469001EF79B /* CitiesViewController_iPhone.xib */ = {isa = PBXFileReference; fileEncoding = 4; lastKnownFileType = file.xib; path = CitiesViewController_iPhone.xib; sourceTree = "<group>"; };
		315E2082160CBFAC001EF79B /* CitiesViewController_iPad.xib */ = {isa = PBXFileReference; fileEncoding = 4; lastKnownFileType = file.xib; path = CitiesViewController_iPad.xib; sourceTree = "<group>"; };
		3176A2DB160B459B0085703B /* Default-568h@2x.png */ = {isa = PBXFileReference; lastKnownFileType = image.png; name = "Default-568h@2x.png"; path = "../Default-568h@2x.png"; sourceTree = "<group>"; };
		318EFDDC1602307B009AA82A /* StoreViewController.h */ = {isa = PBXFileReference; fileEncoding = 4; lastKnownFileType = sourcecode.c.h; path = StoreViewController.h; sourceTree = "<group>"; };
		318EFDDD1602307B009AA82A /* StoreViewController.m */ = {isa = PBXFileReference; fileEncoding = 4; lastKnownFileType = sourcecode.c.objc; path = StoreViewController.m; sourceTree = "<group>"; };
		318EFDDE1602307B009AA82A /* StoreViewController_iPhone.xib */ = {isa = PBXFileReference; fileEncoding = 4; lastKnownFileType = file.xib; path = StoreViewController_iPhone.xib; sourceTree = "<group>"; };
		318EFDE8160379F3009AA82A /* StoreViewController_iPad.xib */ = {isa = PBXFileReference; fileEncoding = 4; lastKnownFileType = file.xib; path = StoreViewController_iPad.xib; sourceTree = "<group>"; };
		31B4F7321608B62F00CA98CD /* SDWebImage.xcodeproj */ = {isa = PBXFileReference; lastKnownFileType = "wrapper.pb-project"; name = SDWebImage.xcodeproj; path = SDWebImage/SDWebImage.xcodeproj; sourceTree = "<group>"; };
		31B4F7451608B67100CA98CD /* MapKit.framework */ = {isa = PBXFileReference; lastKnownFileType = wrapper.framework; name = MapKit.framework; path = System/Library/Frameworks/MapKit.framework; sourceTree = SDKROOT; };
		31B4F7471608BB1200CA98CD /* ImageIO.framework */ = {isa = PBXFileReference; lastKnownFileType = wrapper.framework; name = ImageIO.framework; path = System/Library/Frameworks/ImageIO.framework; sourceTree = SDKROOT; };
		31D4EB871609D07B0010E27E /* placeholderCell.png */ = {isa = PBXFileReference; lastKnownFileType = image.png; name = placeholderCell.png; path = Resources/Images/placeholderCell.png; sourceTree = "<group>"; };
		31D4EB881609D07B0010E27E /* placeholderCell@2x.png */ = {isa = PBXFileReference; lastKnownFileType = image.png; name = "placeholderCell@2x.png"; path = "Resources/Images/placeholderCell@2x.png"; sourceTree = "<group>"; };
		31D4EB891609D07B0010E27E /* placeholderCell@2x~ipad.png */ = {isa = PBXFileReference; lastKnownFileType = image.png; name = "placeholderCell@2x~ipad.png"; path = "Resources/Images/placeholderCell@2x~ipad.png"; sourceTree = "<group>"; };
		31D4EB8A1609D07B0010E27E /* placeholderCell~ipad.png */ = {isa = PBXFileReference; lastKnownFileType = image.png; name = "placeholderCell~ipad.png"; path = "Resources/Images/placeholderCell~ipad.png"; sourceTree = "<group>"; };
		31D4EB8F1609D1350010E27E /* placeholder.png */ = {isa = PBXFileReference; lastKnownFileType = image.png; name = placeholder.png; path = Resources/Images/placeholder.png; sourceTree = "<group>"; };
		31D4EB901609D1350010E27E /* placeholder@2x.png */ = {isa = PBXFileReference; lastKnownFileType = image.png; name = "placeholder@2x.png"; path = "Resources/Images/placeholder@2x.png"; sourceTree = "<group>"; };
		31D4EB911609D1350010E27E /* placeholder@2x~ipad.png */ = {isa = PBXFileReference; lastKnownFileType = image.png; name = "placeholder@2x~ipad.png"; path = "Resources/Images/placeholder@2x~ipad.png"; sourceTree = "<group>"; };
		31D4EB921609D1350010E27E /* placeholder~ipad.png */ = {isa = PBXFileReference; lastKnownFileType = image.png; name = "placeholder~ipad.png"; path = "Resources/Images/placeholder~ipad.png"; sourceTree = "<group>"; };
		31D4EB971609FA4B0010E27E /* StoresByCityViewController.m */ = {isa = PBXFileReference; fileEncoding = 4; lastKnownFileType = sourcecode.c.objc; path = StoresByCityViewController.m; sourceTree = "<group>"; };
		31F01C2D160A07850072B1A1 /* en */ = {isa = PBXFileReference; lastKnownFileType = file.xib; name = en; path = en.lproj/StoresByCityTableViewCell_iPhone.xib; sourceTree = "<group>"; };
		31F01C2F160A0A970072B1A1 /* StoresNearbyViewController.h */ = {isa = PBXFileReference; fileEncoding = 4; lastKnownFileType = sourcecode.c.h; path = StoresNearbyViewController.h; sourceTree = "<group>"; };
		31F01C30160A0A970072B1A1 /* StoresNearbyViewController.m */ = {isa = PBXFileReference; fileEncoding = 4; lastKnownFileType = sourcecode.c.objc; path = StoresNearbyViewController.m; sourceTree = "<group>"; };
		31F01C31160A0A970072B1A1 /* StoresNearbyViewController_iPhone.xib */ = {isa = PBXFileReference; fileEncoding = 4; lastKnownFileType = file.xib; path = StoresNearbyViewController_iPhone.xib; sourceTree = "<group>"; };
		31F01C34160A0D4B0072B1A1 /* CoreLocation.framework */ = {isa = PBXFileReference; lastKnownFileType = wrapper.framework; name = CoreLocation.framework; path = System/Library/Frameworks/CoreLocation.framework; sourceTree = SDKROOT; };
		31F01C36160A0D990072B1A1 /* StoresNearbyViewController_iPad.xib */ = {isa = PBXFileReference; fileEncoding = 4; lastKnownFileType = file.xib; path = StoresNearbyViewController_iPad.xib; sourceTree = "<group>"; };
		31F01C38160A1AE40072B1A1 /* StoreAnnotation.h */ = {isa = PBXFileReference; fileEncoding = 4; lastKnownFileType = sourcecode.c.h; path = StoreAnnotation.h; sourceTree = "<group>"; };
		31F01C39160A1AE40072B1A1 /* StoreAnnotation.m */ = {isa = PBXFileReference; fileEncoding = 4; lastKnownFileType = sourcecode.c.objc; path = StoreAnnotation.m; sourceTree = "<group>"; };
		31F01C3E160A28110072B1A1 /* bottle.png */ = {isa = PBXFileReference; lastKnownFileType = image.png; name = bottle.png; path = Resources/Images/bottle.png; sourceTree = "<group>"; };
		31F01C40160A28510072B1A1 /* StorePinAnnotationView.h */ = {isa = PBXFileReference; fileEncoding = 4; lastKnownFileType = sourcecode.c.h; path = StorePinAnnotationView.h; sourceTree = "<group>"; };
		31F01C43160A3A5A0072B1A1 /* StorePinAnnotationView.m */ = {isa = PBXFileReference; fileEncoding = 4; lastKnownFileType = sourcecode.c.objc; path = StorePinAnnotationView.m; sourceTree = "<group>"; };
		31FE601015FF4456000BB153 /* LamStoreLocator.app */ = {isa = PBXFileReference; explicitFileType = wrapper.application; includeInIndex = 0; path = LamStoreLocator.app; sourceTree = BUILT_PRODUCTS_DIR; };
		31FE601415FF4456000BB153 /* UIKit.framework */ = {isa = PBXFileReference; lastKnownFileType = wrapper.framework; name = UIKit.framework; path = System/Library/Frameworks/UIKit.framework; sourceTree = SDKROOT; };
		31FE601615FF4456000BB153 /* Foundation.framework */ = {isa = PBXFileReference; lastKnownFileType = wrapper.framework; name = Foundation.framework; path = System/Library/Frameworks/Foundation.framework; sourceTree = SDKROOT; };
		31FE601815FF4456000BB153 /* CoreGraphics.framework */ = {isa = PBXFileReference; lastKnownFileType = wrapper.framework; name = CoreGraphics.framework; path = System/Library/Frameworks/CoreGraphics.framework; sourceTree = SDKROOT; };
		31FE601C15FF4456000BB153 /* LamStoreLocator-Info.plist */ = {isa = PBXFileReference; lastKnownFileType = text.plist.xml; path = "LamStoreLocator-Info.plist"; sourceTree = "<group>"; };
		31FE601E15FF4456000BB153 /* en */ = {isa = PBXFileReference; lastKnownFileType = text.plist.strings; name = en; path = en.lproj/InfoPlist.strings; sourceTree = "<group>"; };
		31FE602015FF4456000BB153 /* main.m */ = {isa = PBXFileReference; lastKnownFileType = sourcecode.c.objc; path = main.m; sourceTree = "<group>"; };
		31FE602215FF4456000BB153 /* LamStoreLocator-Prefix.pch */ = {isa = PBXFileReference; lastKnownFileType = sourcecode.c.h; path = "LamStoreLocator-Prefix.pch"; sourceTree = "<group>"; };
		31FE602315FF4456000BB153 /* AppDelegate.h */ = {isa = PBXFileReference; lastKnownFileType = sourcecode.c.h; path = AppDelegate.h; sourceTree = "<group>"; };
		31FE602415FF4456000BB153 /* AppDelegate.m */ = {isa = PBXFileReference; lastKnownFileType = sourcecode.c.objc; path = AppDelegate.m; sourceTree = "<group>"; };
		31FE602615FF4456000BB153 /* CountriesViewController.h */ = {isa = PBXFileReference; lastKnownFileType = sourcecode.c.h; path = CountriesViewController.h; sourceTree = "<group>"; };
		31FE602715FF4456000BB153 /* CountriesViewController.m */ = {isa = PBXFileReference; lastKnownFileType = sourcecode.c.objc; path = CountriesViewController.m; sourceTree = "<group>"; };
		31FE602D15FF4456000BB153 /* en */ = {isa = PBXFileReference; lastKnownFileType = file.xib; name = en; path = en.lproj/CountriesViewController_iPad.xib; sourceTree = "<group>"; };
		31FE603915FF725E000BB153 /* Parse.framework */ = {isa = PBXFileReference; lastKnownFileType = wrapper.framework; path = Parse.framework; sourceTree = "<group>"; };
		31FE603B15FF7314000BB153 /* AudioToolbox.framework */ = {isa = PBXFileReference; lastKnownFileType = wrapper.framework; name = AudioToolbox.framework; path = System/Library/Frameworks/AudioToolbox.framework; sourceTree = SDKROOT; };
		31FE603D15FF731A000BB153 /* CFNetwork.framework */ = {isa = PBXFileReference; lastKnownFileType = wrapper.framework; name = CFNetwork.framework; path = System/Library/Frameworks/CFNetwork.framework; sourceTree = SDKROOT; };
		31FE603F15FF732B000BB153 /* libsqlite3.dylib */ = {isa = PBXFileReference; lastKnownFileType = "compiled.mach-o.dylib"; name = libsqlite3.dylib; path = usr/lib/libsqlite3.dylib; sourceTree = SDKROOT; };
		31FE604115FF7333000BB153 /* libz.1.1.3.dylib */ = {isa = PBXFileReference; lastKnownFileType = "compiled.mach-o.dylib"; name = libz.1.1.3.dylib; path = usr/lib/libz.1.1.3.dylib; sourceTree = SDKROOT; };
		31FE604315FF733A000BB153 /* MobileCoreServices.framework */ = {isa = PBXFileReference; lastKnownFileType = wrapper.framework; name = MobileCoreServices.framework; path = System/Library/Frameworks/MobileCoreServices.framework; sourceTree = SDKROOT; };
		31FE604515FF7340000BB153 /* QuartzCore.framework */ = {isa = PBXFileReference; lastKnownFileType = wrapper.framework; name = QuartzCore.framework; path = System/Library/Frameworks/QuartzCore.framework; sourceTree = SDKROOT; };
		31FE604715FF7348000BB153 /* Security.framework */ = {isa = PBXFileReference; lastKnownFileType = wrapper.framework; name = Security.framework; path = System/Library/Frameworks/Security.framework; sourceTree = SDKROOT; };
		31FE604915FF734E000BB153 /* StoreKit.framework */ = {isa = PBXFileReference; lastKnownFileType = wrapper.framework; name = StoreKit.framework; path = System/Library/Frameworks/StoreKit.framework; sourceTree = SDKROOT; };
		31FE604B15FF7355000BB153 /* SystemConfiguration.framework */ = {isa = PBXFileReference; lastKnownFileType = wrapper.framework; name = SystemConfiguration.framework; path = System/Library/Frameworks/SystemConfiguration.framework; sourceTree = SDKROOT; };
		31FE605716009263000BB153 /* en */ = {isa = PBXFileReference; lastKnownFileType = file.xib; name = en; path = en.lproj/CountriesViewController_iPhone.xib; sourceTree = "<group>"; };
		31FE605916009321000BB153 /* StoresByCityTableViewCell.h */ = {isa = PBXFileReference; fileEncoding = 4; lastKnownFileType = sourcecode.c.h; path = StoresByCityTableViewCell.h; sourceTree = "<group>"; };
		31FE605A16009321000BB153 /* StoresByCityTableViewCell.m */ = {isa = PBXFileReference; fileEncoding = 4; lastKnownFileType = sourcecode.c.objc; path = StoresByCityTableViewCell.m; sourceTree = "<group>"; };
		31FE60611600D08A000BB153 /* StoresByCityViewController.h */ = {isa = PBXFileReference; fileEncoding = 4; lastKnownFileType = sourcecode.c.h; path = StoresByCityViewController.h; sourceTree = "<group>"; };
		31FE60631600D08A000BB153 /* StoresByCityViewController_iPhone.xib */ = {isa = PBXFileReference; fileEncoding = 4; lastKnownFileType = file.xib; path = StoresByCityViewController_iPhone.xib; sourceTree = "<group>"; };
		31FE60671600D12A000BB153 /* en */ = {isa = PBXFileReference; lastKnownFileType = file.xib; name = en; path = LamStoreLocator/en.lproj/StoresByCityTableViewCell_iPad.xib; sourceTree = "<group>"; };
		31FE606A1600D212000BB153 /* en */ = {isa = PBXFileReference; lastKnownFileType = file.xib; name = en; path = en.lproj/StoresByCityViewController_iPad.xib; sourceTree = "<group>"; };
/* End PBXFileReference section */

/* Begin PBXFrameworksBuildPhase section */
		31FE600D15FF4456000BB153 /* Frameworks */ = {
			isa = PBXFrameworksBuildPhase;
			buildActionMask = 2147483647;
			files = (
				3155BB401655351300C6AA8D /* libSDWebImage.a in Frameworks */,
				31F01C35160A0D4B0072B1A1 /* CoreLocation.framework in Frameworks */,
				31B4F7481608BB1200CA98CD /* ImageIO.framework in Frameworks */,
				31B4F7461608B67100CA98CD /* MapKit.framework in Frameworks */,
				31FE604C15FF7355000BB153 /* SystemConfiguration.framework in Frameworks */,
				31FE604A15FF734E000BB153 /* StoreKit.framework in Frameworks */,
				31FE604815FF7348000BB153 /* Security.framework in Frameworks */,
				31FE604615FF7340000BB153 /* QuartzCore.framework in Frameworks */,
				31FE604415FF733A000BB153 /* MobileCoreServices.framework in Frameworks */,
				31FE604215FF7333000BB153 /* libz.1.1.3.dylib in Frameworks */,
				31FE604015FF732B000BB153 /* libsqlite3.dylib in Frameworks */,
				31FE601915FF4456000BB153 /* CoreGraphics.framework in Frameworks */,
				31FE603E15FF731A000BB153 /* CFNetwork.framework in Frameworks */,
				31FE603C15FF7314000BB153 /* AudioToolbox.framework in Frameworks */,
				31FE601515FF4456000BB153 /* UIKit.framework in Frameworks */,
				31FE601715FF4456000BB153 /* Foundation.framework in Frameworks */,
				31FE603A15FF725E000BB153 /* Parse.framework in Frameworks */,
			);
			runOnlyForDeploymentPostprocessing = 0;
		};
/* End PBXFrameworksBuildPhase section */

/* Begin PBXGroup section */
		3155BB311655349900C6AA8D /* Products */ = {
			isa = PBXGroup;
			children = (
				3155BB371655349900C6AA8D /* libSDWebImage.a */,
				3155BB391655349900C6AA8D /* libSDWebImageARC.a */,
				3155BB3B1655349900C6AA8D /* libSDWebImageARC+MKAnnotation.a */,
			);
			name = Products;
			sourceTree = "<group>";
		};
		31D4EB7D1609CB420010E27E /* Resources */ = {
			isa = PBXGroup;
			children = (
				31D4EB7E1609CB470010E27E /* Images */,
			);
			name = Resources;
			sourceTree = "<group>";
		};
		31D4EB7E1609CB470010E27E /* Images */ = {
			isa = PBXGroup;
			children = (
				3176A2DB160B459B0085703B /* Default-568h@2x.png */,
				31F01C3E160A28110072B1A1 /* bottle.png */,
				31D4EB8F1609D1350010E27E /* placeholder.png */,
				31D4EB901609D1350010E27E /* placeholder@2x.png */,
				31D4EB911609D1350010E27E /* placeholder@2x~ipad.png */,
				31D4EB921609D1350010E27E /* placeholder~ipad.png */,
				31D4EB871609D07B0010E27E /* placeholderCell.png */,
				31D4EB881609D07B0010E27E /* placeholderCell@2x.png */,
				31D4EB891609D07B0010E27E /* placeholderCell@2x~ipad.png */,
				31D4EB8A1609D07B0010E27E /* placeholderCell~ipad.png */,
			);
			name = Images;
			sourceTree = "<group>";
		};
		31FE600515FF4455000BB153 = {
			isa = PBXGroup;
			children = (
				31FE601A15FF4456000BB153 /* LamStoreLocator */,
				31FE601315FF4456000BB153 /* Frameworks */,
				31FE601115FF4456000BB153 /* Products */,
			);
			sourceTree = "<group>";
		};
		31FE601115FF4456000BB153 /* Products */ = {
			isa = PBXGroup;
			children = (
				31FE601015FF4456000BB153 /* LamStoreLocator.app */,
			);
			name = Products;
			sourceTree = "<group>";
		};
		31FE601315FF4456000BB153 /* Frameworks */ = {
			isa = PBXGroup;
			children = (
				31B4F7321608B62F00CA98CD /* SDWebImage.xcodeproj */,
				31F01C34160A0D4B0072B1A1 /* CoreLocation.framework */,
				31B4F7451608B67100CA98CD /* MapKit.framework */,
				31FE604B15FF7355000BB153 /* SystemConfiguration.framework */,
				31B4F7471608BB1200CA98CD /* ImageIO.framework */,
				31FE604915FF734E000BB153 /* StoreKit.framework */,
				31FE604715FF7348000BB153 /* Security.framework */,
				31FE604515FF7340000BB153 /* QuartzCore.framework */,
				31FE604315FF733A000BB153 /* MobileCoreServices.framework */,
				31FE604115FF7333000BB153 /* libz.1.1.3.dylib */,
				31FE603F15FF732B000BB153 /* libsqlite3.dylib */,
				31FE603D15FF731A000BB153 /* CFNetwork.framework */,
				31FE603B15FF7314000BB153 /* AudioToolbox.framework */,
				31FE603915FF725E000BB153 /* Parse.framework */,
				31FE601415FF4456000BB153 /* UIKit.framework */,
				31FE601615FF4456000BB153 /* Foundation.framework */,
				31FE601815FF4456000BB153 /* CoreGraphics.framework */,
			);
			name = Frameworks;
			sourceTree = "<group>";
		};
		31FE601A15FF4456000BB153 /* LamStoreLocator */ = {
			isa = PBXGroup;
			children = (
				31FE602315FF4456000BB153 /* AppDelegate.h */,
				31FE602415FF4456000BB153 /* AppDelegate.m */,
				31FE602615FF4456000BB153 /* CountriesViewController.h */,
				31FE602715FF4456000BB153 /* CountriesViewController.m */,
				31FE605616009263000BB153 /* CountriesViewController_iPhone.xib */,
				31FE602C15FF4456000BB153 /* CountriesViewController_iPad.xib */,
				31157200160CA8BC0076BD58 /* CitiesViewController.h */,
				31157201160CA8BC0076BD58 /* CitiesViewController.m */,
				315E2080160CB469001EF79B /* CitiesViewController_iPhone.xib */,
				315E2082160CBFAC001EF79B /* CitiesViewController_iPad.xib */,
				31FE60611600D08A000BB153 /* StoresByCityViewController.h */,
				31D4EB971609FA4B0010E27E /* StoresByCityViewController.m */,
				31FE60691600D212000BB153 /* StoresByCityViewController_iPad.xib */,
				31FE60631600D08A000BB153 /* StoresByCityViewController_iPhone.xib */,
				31FE605916009321000BB153 /* StoresByCityTableViewCell.h */,
				31FE605A16009321000BB153 /* StoresByCityTableViewCell.m */,
				31F01C2C160A07850072B1A1 /* StoresByCityTableViewCell_iPhone.xib */,
				31FE60661600D12A000BB153 /* StoresByCityTableViewCell_iPad.xib */,
				31F01C2F160A0A970072B1A1 /* StoresNearbyViewController.h */,
				31F01C30160A0A970072B1A1 /* StoresNearbyViewController.m */,
				31F01C31160A0A970072B1A1 /* StoresNearbyViewController_iPhone.xib */,
				31F01C36160A0D990072B1A1 /* StoresNearbyViewController_iPad.xib */,
				318EFDDC1602307B009AA82A /* StoreViewController.h */,
				318EFDDD1602307B009AA82A /* StoreViewController.m */,
				318EFDDE1602307B009AA82A /* StoreViewController_iPhone.xib */,
				318EFDE8160379F3009AA82A /* StoreViewController_iPad.xib */,
				31F01C38160A1AE40072B1A1 /* StoreAnnotation.h */,
				31F01C39160A1AE40072B1A1 /* StoreAnnotation.m */,
				31F01C40160A28510072B1A1 /* StorePinAnnotationView.h */,
				31F01C43160A3A5A0072B1A1 /* StorePinAnnotationView.m */,
				31D4EB7D1609CB420010E27E /* Resources */,
				31FE601B15FF4456000BB153 /* Supporting Files */,
			);
			path = LamStoreLocator;
			sourceTree = "<group>";
		};
		31FE601B15FF4456000BB153 /* Supporting Files */ = {
			isa = PBXGroup;
			children = (
				31FE601C15FF4456000BB153 /* LamStoreLocator-Info.plist */,
				31FE601D15FF4456000BB153 /* InfoPlist.strings */,
				31FE602015FF4456000BB153 /* main.m */,
				31FE602215FF4456000BB153 /* LamStoreLocator-Prefix.pch */,
			);
			name = "Supporting Files";
			sourceTree = "<group>";
		};
/* End PBXGroup section */

/* Begin PBXNativeTarget section */
		31FE600F15FF4456000BB153 /* LamStoreLocator */ = {
			isa = PBXNativeTarget;
			buildConfigurationList = 31FE603115FF4456000BB153 /* Build configuration list for PBXNativeTarget "LamStoreLocator" */;
			buildPhases = (
				31FE600C15FF4456000BB153 /* Sources */,
				31FE600D15FF4456000BB153 /* Frameworks */,
				31FE600E15FF4456000BB153 /* Resources */,
			);
			buildRules = (
			);
			dependencies = (
				3155BB3F165534FC00C6AA8D /* PBXTargetDependency */,
			);
			name = LamStoreLocator;
			productName = LamStoreLocator;
			productReference = 31FE601015FF4456000BB153 /* LamStoreLocator.app */;
			productType = "com.apple.product-type.application";
		};
/* End PBXNativeTarget section */

/* Begin PBXProject section */
		31FE600715FF4455000BB153 /* Project object */ = {
			isa = PBXProject;
			attributes = {
				LastUpgradeCheck = 0440;
				ORGANIZATIONNAME = "L'atelier du mobile";
			};
			buildConfigurationList = 31FE600A15FF4455000BB153 /* Build configuration list for PBXProject "LamStoreLocator" */;
			compatibilityVersion = "Xcode 3.2";
			developmentRegion = English;
			hasScannedForEncodings = 0;
			knownRegions = (
				en,
			);
			mainGroup = 31FE600515FF4455000BB153;
			productRefGroup = 31FE601115FF4456000BB153 /* Products */;
			projectDirPath = "";
			projectReferences = (
				{
					ProductGroup = 3155BB311655349900C6AA8D /* Products */;
					ProjectRef = 31B4F7321608B62F00CA98CD /* SDWebImage.xcodeproj */;
				},
			);
			projectRoot = "";
			targets = (
				31FE600F15FF4456000BB153 /* LamStoreLocator */,
			);
		};
/* End PBXProject section */

/* Begin PBXReferenceProxy section */
		3155BB371655349900C6AA8D /* libSDWebImage.a */ = {
			isa = PBXReferenceProxy;
			fileType = archive.ar;
			path = libSDWebImage.a;
			remoteRef = 3155BB361655349900C6AA8D /* PBXContainerItemProxy */;
			sourceTree = BUILT_PRODUCTS_DIR;
		};
		3155BB391655349900C6AA8D /* libSDWebImageARC.a */ = {
			isa = PBXReferenceProxy;
			fileType = archive.ar;
			path = libSDWebImageARC.a;
			remoteRef = 3155BB381655349900C6AA8D /* PBXContainerItemProxy */;
			sourceTree = BUILT_PRODUCTS_DIR;
		};
		3155BB3B1655349900C6AA8D /* libSDWebImageARC+MKAnnotation.a */ = {
			isa = PBXReferenceProxy;
			fileType = archive.ar;
			path = "libSDWebImageARC+MKAnnotation.a";
			remoteRef = 3155BB3A1655349900C6AA8D /* PBXContainerItemProxy */;
			sourceTree = BUILT_PRODUCTS_DIR;
		};
/* End PBXReferenceProxy section */

/* Begin PBXResourcesBuildPhase section */
		31FE600E15FF4456000BB153 /* Resources */ = {
			isa = PBXResourcesBuildPhase;
			buildActionMask = 2147483647;
			files = (
				31FE601F15FF4456000BB153 /* InfoPlist.strings in Resources */,
				31FE602E15FF4456000BB153 /* CountriesViewController_iPad.xib in Resources */,
				31FE605816009263000BB153 /* CountriesViewController_iPhone.xib in Resources */,
				31FE60651600D08A000BB153 /* StoresByCityViewController_iPhone.xib in Resources */,
				31FE60681600D12A000BB153 /* StoresByCityTableViewCell_iPad.xib in Resources */,
				31FE606B1600D212000BB153 /* StoresByCityViewController_iPad.xib in Resources */,
				318EFDE01602307B009AA82A /* StoreViewController_iPhone.xib in Resources */,
				318EFDE9160379F4009AA82A /* StoreViewController_iPad.xib in Resources */,
				31D4EB8B1609D07B0010E27E /* placeholderCell.png in Resources */,
				31D4EB8C1609D07B0010E27E /* placeholderCell@2x.png in Resources */,
				31D4EB8D1609D07B0010E27E /* placeholderCell@2x~ipad.png in Resources */,
				31D4EB8E1609D07B0010E27E /* placeholderCell~ipad.png in Resources */,
				31D4EB931609D1350010E27E /* placeholder.png in Resources */,
				31D4EB941609D1350010E27E /* placeholder@2x.png in Resources */,
				31D4EB951609D1350010E27E /* placeholder@2x~ipad.png in Resources */,
				31D4EB961609D1350010E27E /* placeholder~ipad.png in Resources */,
				31F01C2E160A07850072B1A1 /* StoresByCityTableViewCell_iPhone.xib in Resources */,
				31F01C33160A0A970072B1A1 /* StoresNearbyViewController_iPhone.xib in Resources */,
				31F01C37160A0D990072B1A1 /* StoresNearbyViewController_iPad.xib in Resources */,
				31F01C3F160A28110072B1A1 /* bottle.png in Resources */,
				3176A2DC160B459B0085703B /* Default-568h@2x.png in Resources */,
				315E2081160CB46A001EF79B /* CitiesViewController_iPhone.xib in Resources */,
				315E2083160CBFAC001EF79B /* CitiesViewController_iPad.xib in Resources */,
			);
			runOnlyForDeploymentPostprocessing = 0;
		};
/* End PBXResourcesBuildPhase section */

/* Begin PBXSourcesBuildPhase section */
		31FE600C15FF4456000BB153 /* Sources */ = {
			isa = PBXSourcesBuildPhase;
			buildActionMask = 2147483647;
			files = (
				31FE602115FF4456000BB153 /* main.m in Sources */,
				31FE602515FF4456000BB153 /* AppDelegate.m in Sources */,
				31FE602815FF4456000BB153 /* CountriesViewController.m in Sources */,
				31FE605B16009321000BB153 /* StoresByCityTableViewCell.m in Sources */,
				318EFDDF1602307B009AA82A /* StoreViewController.m in Sources */,
				31D4EB981609FA4B0010E27E /* StoresByCityViewController.m in Sources */,
				31F01C32160A0A970072B1A1 /* StoresNearbyViewController.m in Sources */,
				31F01C3A160A1AE40072B1A1 /* StoreAnnotation.m in Sources */,
				31F01C44160A3A5A0072B1A1 /* StorePinAnnotationView.m in Sources */,
				31157202160CA8BC0076BD58 /* CitiesViewController.m in Sources */,
			);
			runOnlyForDeploymentPostprocessing = 0;
		};
/* End PBXSourcesBuildPhase section */

/* Begin PBXTargetDependency section */
		3155BB3F165534FC00C6AA8D /* PBXTargetDependency */ = {
			isa = PBXTargetDependency;
			name = SDWebImage;
			targetProxy = 3155BB3E165534FC00C6AA8D /* PBXContainerItemProxy */;
		};
/* End PBXTargetDependency section */

/* Begin PBXVariantGroup section */
		31F01C2C160A07850072B1A1 /* StoresByCityTableViewCell_iPhone.xib */ = {
			isa = PBXVariantGroup;
			children = (
				31F01C2D160A07850072B1A1 /* en */,
			);
			name = StoresByCityTableViewCell_iPhone.xib;
			sourceTree = "<group>";
		};
		31FE601D15FF4456000BB153 /* InfoPlist.strings */ = {
			isa = PBXVariantGroup;
			children = (
				31FE601E15FF4456000BB153 /* en */,
			);
			name = InfoPlist.strings;
			sourceTree = "<group>";
		};
		31FE602C15FF4456000BB153 /* CountriesViewController_iPad.xib */ = {
			isa = PBXVariantGroup;
			children = (
				31FE602D15FF4456000BB153 /* en */,
			);
			name = CountriesViewController_iPad.xib;
			sourceTree = "<group>";
		};
		31FE605616009263000BB153 /* CountriesViewController_iPhone.xib */ = {
			isa = PBXVariantGroup;
			children = (
				31FE605716009263000BB153 /* en */,
			);
			name = CountriesViewController_iPhone.xib;
			sourceTree = "<group>";
		};
		31FE60661600D12A000BB153 /* StoresByCityTableViewCell_iPad.xib */ = {
			isa = PBXVariantGroup;
			children = (
				31FE60671600D12A000BB153 /* en */,
			);
			name = StoresByCityTableViewCell_iPad.xib;
			path = ..;
			sourceTree = "<group>";
		};
		31FE60691600D212000BB153 /* StoresByCityViewController_iPad.xib */ = {
			isa = PBXVariantGroup;
			children = (
				31FE606A1600D212000BB153 /* en */,
			);
			name = StoresByCityViewController_iPad.xib;
			sourceTree = "<group>";
		};
/* End PBXVariantGroup section */

/* Begin XCBuildConfiguration section */
		31FE602F15FF4456000BB153 /* Debug */ = {
			isa = XCBuildConfiguration;
			buildSettings = {
				ALWAYS_SEARCH_USER_PATHS = NO;
				ARCHS = "$(ARCHS_STANDARD_32_BIT)";
				CLANG_CXX_LANGUAGE_STANDARD = "gnu++0x";
				CLANG_ENABLE_OBJC_ARC = YES;
				CLANG_WARN__DUPLICATE_METHOD_MATCH = YES;
				"CODE_SIGN_IDENTITY[sdk=iphoneos*]" = "iPhone Developer";
				COPY_PHASE_STRIP = NO;
				GCC_C_LANGUAGE_STANDARD = gnu99;
				GCC_DYNAMIC_NO_PIC = NO;
				GCC_OPTIMIZATION_LEVEL = 0;
				GCC_PREPROCESSOR_DEFINITIONS = (
					"DEBUG=1",
					"$(inherited)",
				);
				GCC_SYMBOLS_PRIVATE_EXTERN = NO;
				GCC_VERSION = com.apple.compilers.llvm.clang.1_0;
				GCC_WARN_ABOUT_RETURN_TYPE = YES;
				GCC_WARN_UNINITIALIZED_AUTOS = YES;
				GCC_WARN_UNUSED_VARIABLE = YES;
				IPHONEOS_DEPLOYMENT_TARGET = 5.1;
				SDKROOT = iphoneos;
				TARGETED_DEVICE_FAMILY = "1,2";
			};
			name = Debug;
		};
		31FE603015FF4456000BB153 /* Release */ = {
			isa = XCBuildConfiguration;
			buildSettings = {
				ALWAYS_SEARCH_USER_PATHS = NO;
				ARCHS = "$(ARCHS_STANDARD_32_BIT)";
				CLANG_CXX_LANGUAGE_STANDARD = "gnu++0x";
				CLANG_ENABLE_OBJC_ARC = YES;
				CLANG_WARN__DUPLICATE_METHOD_MATCH = YES;
				"CODE_SIGN_IDENTITY[sdk=iphoneos*]" = "iPhone Developer";
				COPY_PHASE_STRIP = YES;
				GCC_C_LANGUAGE_STANDARD = gnu99;
				GCC_VERSION = com.apple.compilers.llvm.clang.1_0;
				GCC_WARN_ABOUT_RETURN_TYPE = YES;
				GCC_WARN_UNINITIALIZED_AUTOS = YES;
				GCC_WARN_UNUSED_VARIABLE = YES;
				IPHONEOS_DEPLOYMENT_TARGET = 5.1;
				OTHER_CFLAGS = "-DNS_BLOCK_ASSERTIONS=1";
				SDKROOT = iphoneos;
				TARGETED_DEVICE_FAMILY = "1,2";
				VALIDATE_PRODUCT = YES;
			};
			name = Release;
		};
		31FE603215FF4456000BB153 /* Debug */ = {
			isa = XCBuildConfiguration;
			buildSettings = {
				FRAMEWORK_SEARCH_PATHS = (
					"$(inherited)",
					"\"$(SRCROOT)\"",
				);
				GCC_PRECOMPILE_PREFIX_HEADER = YES;
				GCC_PREFIX_HEADER = "LamStoreLocator/LamStoreLocator-Prefix.pch";
				HEADER_SEARCH_PATHS = (
					"”$(TARGET_BUILD_DIR)/usr/local/lib/include”/**",
					"”$(OBJROOT)/UninstalledProducts/include”/**",
				);
				INFOPLIST_FILE = "LamStoreLocator/LamStoreLocator-Info.plist";
				IPHONEOS_DEPLOYMENT_TARGET = 5.0;
				OTHER_LDFLAGS = "-ObjC";
				PRODUCT_NAME = "$(TARGET_NAME)";
				VALID_ARCHS = armv7;
				WRAPPER_EXTENSION = app;
			};
			name = Debug;
		};
		31FE603315FF4456000BB153 /* Release */ = {
			isa = XCBuildConfiguration;
			buildSettings = {
				FRAMEWORK_SEARCH_PATHS = (
					"$(inherited)",
					"\"$(SRCROOT)\"",
				);
				GCC_PRECOMPILE_PREFIX_HEADER = YES;
				GCC_PREFIX_HEADER = "LamStoreLocator/LamStoreLocator-Prefix.pch";
				HEADER_SEARCH_PATHS = (
					"”$(TARGET_BUILD_DIR)/usr/local/lib/include”/**",
					"”$(OBJROOT)/UninstalledProducts/include”/**",
				);
				INFOPLIST_FILE = "LamStoreLocator/LamStoreLocator-Info.plist";
				IPHONEOS_DEPLOYMENT_TARGET = 5.0;
				OTHER_LDFLAGS = "-ObjC";
				PRODUCT_NAME = "$(TARGET_NAME)";
				VALID_ARCHS = armv7;
				WRAPPER_EXTENSION = app;
			};
			name = Release;
		};
/* End XCBuildConfiguration section */

/* Begin XCConfigurationList section */
		31FE600A15FF4455000BB153 /* Build configuration list for PBXProject "LamStoreLocator" */ = {
			isa = XCConfigurationList;
			buildConfigurations = (
				31FE602F15FF4456000BB153 /* Debug */,
				31FE603015FF4456000BB153 /* Release */,
			);
			defaultConfigurationIsVisible = 0;
			defaultConfigurationName = Release;
		};
		31FE603115FF4456000BB153 /* Build configuration list for PBXNativeTarget "LamStoreLocator" */ = {
			isa = XCConfigurationList;
			buildConfigurations = (
				31FE603215FF4456000BB153 /* Debug */,
				31FE603315FF4456000BB153 /* Release */,
			);
			defaultConfigurationIsVisible = 0;
			defaultConfigurationName = Release;
		};
/* End XCConfigurationList section */
	};
	rootObject = 31FE600715FF4455000BB153 /* Project object */;
}
